// !$*UTF8*$!
{
	archiveVersion = 1;
	classes = {
	};
	objectVersion = 50;
	objects = {

/* Begin PBXBuildFile section */
		69BCE0A8213CBDFF001DD8A5 /* AppDelegate.swift in Sources */ = {isa = PBXBuildFile; fileRef = 69BCE0A7213CBDFF001DD8A5 /* AppDelegate.swift */; };
		69BCE0AA213CBDFF001DD8A5 /* ViewController.swift in Sources */ = {isa = PBXBuildFile; fileRef = 69BCE0A9213CBDFF001DD8A5 /* ViewController.swift */; };
		69BCE0AD213CBDFF001DD8A5 /* Main.storyboard in Resources */ = {isa = PBXBuildFile; fileRef = 69BCE0AB213CBDFF001DD8A5 /* Main.storyboard */; };
		69BCE0AF213CBE05001DD8A5 /* Assets.xcassets in Resources */ = {isa = PBXBuildFile; fileRef = 69BCE0AE213CBE05001DD8A5 /* Assets.xcassets */; };
		69BCE0B2213CBE05001DD8A5 /* LaunchScreen.storyboard in Resources */ = {isa = PBXBuildFile; fileRef = 69BCE0B0213CBE05001DD8A5 /* LaunchScreen.storyboard */; };
		69BCE0BD213CBE05001DD8A5 /* TheTipCalcTests.swift in Sources */ = {isa = PBXBuildFile; fileRef = 69BCE0BC213CBE05001DD8A5 /* TheTipCalcTests.swift */; };
		69BCE0C8213CBE05001DD8A5 /* TheTipCalcUITests.swift in Sources */ = {isa = PBXBuildFile; fileRef = 69BCE0C7213CBE05001DD8A5 /* TheTipCalcUITests.swift */; };
/* End PBXBuildFile section */

/* Begin PBXContainerItemProxy section */
		69BCE0B9213CBE05001DD8A5 /* PBXContainerItemProxy */ = {
			isa = PBXContainerItemProxy;
			containerPortal = 69BCE09C213CBDFE001DD8A5 /* Project object */;
			proxyType = 1;
			remoteGlobalIDString = 69BCE0A3213CBDFE001DD8A5;
			remoteInfo = TheTipCalc;
		};
		69BCE0C4213CBE05001DD8A5 /* PBXContainerItemProxy */ = {
			isa = PBXContainerItemProxy;
			containerPortal = 69BCE09C213CBDFE001DD8A5 /* Project object */;
			proxyType = 1;
			remoteGlobalIDString = 69BCE0A3213CBDFE001DD8A5;
			remoteInfo = TheTipCalc;
		};
/* End PBXContainerItemProxy section */

/* Begin PBXFileReference section */
		69BCE0A4213CBDFF001DD8A5 /* TheTipCalc.app */ = {isa = PBXFileReference; explicitFileType = wrapper.application; includeInIndex = 0; path = TheTipCalc.app; sourceTree = BUILT_PRODUCTS_DIR; };
		69BCE0A7213CBDFF001DD8A5 /* AppDelegate.swift */ = {isa = PBXFileReference; lastKnownFileType = sourcecode.swift; path = AppDelegate.swift; sourceTree = "<group>"; };
		69BCE0A9213CBDFF001DD8A5 /* ViewController.swift */ = {isa = PBXFileReference; lastKnownFileType = sourcecode.swift; path = ViewController.swift; sourceTree = "<group>"; };
		69BCE0AC213CBDFF001DD8A5 /* Base */ = {isa = PBXFileReference; lastKnownFileType = file.storyboard; name = Base; path = Base.lproj/Main.storyboard; sourceTree = "<group>"; };
		69BCE0AE213CBE05001DD8A5 /* Assets.xcassets */ = {isa = PBXFileReference; lastKnownFileType = folder.assetcatalog; path = Assets.xcassets; sourceTree = "<group>"; };
		69BCE0B1213CBE05001DD8A5 /* Base */ = {isa = PBXFileReference; lastKnownFileType = file.storyboard; name = Base; path = Base.lproj/LaunchScreen.storyboard; sourceTree = "<group>"; };
		69BCE0B3213CBE05001DD8A5 /* Info.plist */ = {isa = PBXFileReference; lastKnownFileType = text.plist.xml; path = Info.plist; sourceTree = "<group>"; };
		69BCE0B8213CBE05001DD8A5 /* TheTipCalcTests.xctest */ = {isa = PBXFileReference; explicitFileType = wrapper.cfbundle; includeInIndex = 0; path = TheTipCalcTests.xctest; sourceTree = BUILT_PRODUCTS_DIR; };
		69BCE0BC213CBE05001DD8A5 /* TheTipCalcTests.swift */ = {isa = PBXFileReference; lastKnownFileType = sourcecode.swift; path = TheTipCalcTests.swift; sourceTree = "<group>"; };
		69BCE0BE213CBE05001DD8A5 /* Info.plist */ = {isa = PBXFileReference; lastKnownFileType = text.plist.xml; path = Info.plist; sourceTree = "<group>"; };
		69BCE0C3213CBE05001DD8A5 /* TheTipCalcUITests.xctest */ = {isa = PBXFileReference; explicitFileType = wrapper.cfbundle; includeInIndex = 0; path = TheTipCalcUITests.xctest; sourceTree = BUILT_PRODUCTS_DIR; };
		69BCE0C7213CBE05001DD8A5 /* TheTipCalcUITests.swift */ = {isa = PBXFileReference; lastKnownFileType = sourcecode.swift; path = TheTipCalcUITests.swift; sourceTree = "<group>"; };
		69BCE0C9213CBE05001DD8A5 /* Info.plist */ = {isa = PBXFileReference; lastKnownFileType = text.plist.xml; path = Info.plist; sourceTree = "<group>"; };
/* End PBXFileReference section */

/* Begin PBXFrameworksBuildPhase section */
		69BCE0A1213CBDFE001DD8A5 /* Frameworks */ = {
			isa = PBXFrameworksBuildPhase;
			buildActionMask = 2147483647;
			files = (
			);
			runOnlyForDeploymentPostprocessing = 0;
		};
		69BCE0B5213CBE05001DD8A5 /* Frameworks */ = {
			isa = PBXFrameworksBuildPhase;
			buildActionMask = 2147483647;
			files = (
			);
			runOnlyForDeploymentPostprocessing = 0;
		};
		69BCE0C0213CBE05001DD8A5 /* Frameworks */ = {
			isa = PBXFrameworksBuildPhase;
			buildActionMask = 2147483647;
			files = (
			);
			runOnlyForDeploymentPostprocessing = 0;
		};
/* End PBXFrameworksBuildPhase section */

/* Begin PBXGroup section */
		69BCE09B213CBDFE001DD8A5 = {
			isa = PBXGroup;
			children = (
				69BCE0A6213CBDFF001DD8A5 /* TheTipCalc */,
				69BCE0BB213CBE05001DD8A5 /* TheTipCalcTests */,
				69BCE0C6213CBE05001DD8A5 /* TheTipCalcUITests */,
				69BCE0A5213CBDFF001DD8A5 /* Products */,
			);
			sourceTree = "<group>";
		};
		69BCE0A5213CBDFF001DD8A5 /* Products */ = {
			isa = PBXGroup;
			children = (
				69BCE0A4213CBDFF001DD8A5 /* TheTipCalc.app */,
				69BCE0B8213CBE05001DD8A5 /* TheTipCalcTests.xctest */,
				69BCE0C3213CBE05001DD8A5 /* TheTipCalcUITests.xctest */,
			);
			name = Products;
			sourceTree = "<group>";
		};
		69BCE0A6213CBDFF001DD8A5 /* TheTipCalc */ = {
			isa = PBXGroup;
			children = (
				69BCE0A7213CBDFF001DD8A5 /* AppDelegate.swift */,
				69BCE0A9213CBDFF001DD8A5 /* ViewController.swift */,
				69BCE0AB213CBDFF001DD8A5 /* Main.storyboard */,
				69BCE0AE213CBE05001DD8A5 /* Assets.xcassets */,
				69BCE0B0213CBE05001DD8A5 /* LaunchScreen.storyboard */,
				69BCE0B3213CBE05001DD8A5 /* Info.plist */,
			);
			path = TheTipCalc;
			sourceTree = "<group>";
		};
		69BCE0BB213CBE05001DD8A5 /* TheTipCalcTests */ = {
			isa = PBXGroup;
			children = (
				69BCE0BC213CBE05001DD8A5 /* TheTipCalcTests.swift */,
				69BCE0BE213CBE05001DD8A5 /* Info.plist */,
			);
			path = TheTipCalcTests;
			sourceTree = "<group>";
		};
		69BCE0C6213CBE05001DD8A5 /* TheTipCalcUITests */ = {
			isa = PBXGroup;
			children = (
				69BCE0C7213CBE05001DD8A5 /* TheTipCalcUITests.swift */,
				69BCE0C9213CBE05001DD8A5 /* Info.plist */,
			);
			path = TheTipCalcUITests;
			sourceTree = "<group>";
		};
/* End PBXGroup section */

/* Begin PBXNativeTarget section */
		69BCE0A3213CBDFE001DD8A5 /* TheTipCalc */ = {
			isa = PBXNativeTarget;
			buildConfigurationList = 69BCE0CC213CBE05001DD8A5 /* Build configuration list for PBXNativeTarget "TheTipCalc" */;
			buildPhases = (
				69BCE0A0213CBDFE001DD8A5 /* Sources */,
				69BCE0A1213CBDFE001DD8A5 /* Frameworks */,
				69BCE0A2213CBDFE001DD8A5 /* Resources */,
			);
			buildRules = (
			);
			dependencies = (
			);
			name = TheTipCalc;
			productName = TheTipCalc;
			productReference = 69BCE0A4213CBDFF001DD8A5 /* TheTipCalc.app */;
			productType = "com.apple.product-type.application";
		};
		69BCE0B7213CBE05001DD8A5 /* TheTipCalcTests */ = {
			isa = PBXNativeTarget;
			buildConfigurationList = 69BCE0CF213CBE05001DD8A5 /* Build configuration list for PBXNativeTarget "TheTipCalcTests" */;
			buildPhases = (
				69BCE0B4213CBE05001DD8A5 /* Sources */,
				69BCE0B5213CBE05001DD8A5 /* Frameworks */,
				69BCE0B6213CBE05001DD8A5 /* Resources */,
			);
			buildRules = (
			);
			dependencies = (
				69BCE0BA213CBE05001DD8A5 /* PBXTargetDependency */,
			);
			name = TheTipCalcTests;
			productName = TheTipCalcTests;
			productReference = 69BCE0B8213CBE05001DD8A5 /* TheTipCalcTests.xctest */;
			productType = "com.apple.product-type.bundle.unit-test";
		};
		69BCE0C2213CBE05001DD8A5 /* TheTipCalcUITests */ = {
			isa = PBXNativeTarget;
			buildConfigurationList = 69BCE0D2213CBE05001DD8A5 /* Build configuration list for PBXNativeTarget "TheTipCalcUITests" */;
			buildPhases = (
				69BCE0BF213CBE05001DD8A5 /* Sources */,
				69BCE0C0213CBE05001DD8A5 /* Frameworks */,
				69BCE0C1213CBE05001DD8A5 /* Resources */,
			);
			buildRules = (
			);
			dependencies = (
				69BCE0C5213CBE05001DD8A5 /* PBXTargetDependency */,
			);
			name = TheTipCalcUITests;
			productName = TheTipCalcUITests;
			productReference = 69BCE0C3213CBE05001DD8A5 /* TheTipCalcUITests.xctest */;
			productType = "com.apple.product-type.bundle.ui-testing";
		};
/* End PBXNativeTarget section */

/* Begin PBXProject section */
		69BCE09C213CBDFE001DD8A5 /* Project object */ = {
			isa = PBXProject;
			attributes = {
				LastSwiftUpdateCheck = 0940;
				LastUpgradeCheck = 0940;
				ORGANIZATIONNAME = "Dietrice Fortune";
				TargetAttributes = {
					69BCE0A3213CBDFE001DD8A5 = {
						CreatedOnToolsVersion = 9.4.1;
					};
					69BCE0B7213CBE05001DD8A5 = {
						CreatedOnToolsVersion = 9.4.1;
						TestTargetID = 69BCE0A3213CBDFE001DD8A5;
					};
					69BCE0C2213CBE05001DD8A5 = {
						CreatedOnToolsVersion = 9.4.1;
						TestTargetID = 69BCE0A3213CBDFE001DD8A5;
					};
				};
			};
			buildConfigurationList = 69BCE09F213CBDFE001DD8A5 /* Build configuration list for PBXProject "TheTipCalc" */;
			compatibilityVersion = "Xcode 9.3";
			developmentRegion = en;
			hasScannedForEncodings = 0;
			knownRegions = (
				en,
				Base,
			);
			mainGroup = 69BCE09B213CBDFE001DD8A5;
			productRefGroup = 69BCE0A5213CBDFF001DD8A5 /* Products */;
			projectDirPath = "";
			projectRoot = "";
			targets = (
				69BCE0A3213CBDFE001DD8A5 /* TheTipCalc */,
				69BCE0B7213CBE05001DD8A5 /* TheTipCalcTests */,
				69BCE0C2213CBE05001DD8A5 /* TheTipCalcUITests */,
			);
		};
/* End PBXProject section */

/* Begin PBXResourcesBuildPhase section */
		69BCE0A2213CBDFE001DD8A5 /* Resources */ = {
			isa = PBXResourcesBuildPhase;
			buildActionMask = 2147483647;
			files = (
				69BCE0B2213CBE05001DD8A5 /* LaunchScreen.storyboard in Resources */,
				69BCE0AF213CBE05001DD8A5 /* Assets.xcassets in Resources */,
				69BCE0AD213CBDFF001DD8A5 /* Main.storyboard in Resources */,
			);
			runOnlyForDeploymentPostprocessing = 0;
		};
		69BCE0B6213CBE05001DD8A5 /* Resources */ = {
			isa = PBXResourcesBuildPhase;
			buildActionMask = 2147483647;
			files = (
			);
			runOnlyForDeploymentPostprocessing = 0;
		};
		69BCE0C1213CBE05001DD8A5 /* Resources */ = {
			isa = PBXResourcesBuildPhase;
			buildActionMask = 2147483647;
			files = (
			);
			runOnlyForDeploymentPostprocessing = 0;
		};
/* End PBXResourcesBuildPhase section */

/* Begin PBXSourcesBuildPhase section */
		69BCE0A0213CBDFE001DD8A5 /* Sources */ = {
			isa = PBXSourcesBuildPhase;
			buildActionMask = 2147483647;
			files = (
				69BCE0AA213CBDFF001DD8A5 /* ViewController.swift in Sources */,
				69BCE0A8213CBDFF001DD8A5 /* AppDelegate.swift in Sources */,
			);
			runOnlyForDeploymentPostprocessing = 0;
		};
		69BCE0B4213CBE05001DD8A5 /* Sources */ = {
			isa = PBXSourcesBuildPhase;
			buildActionMask = 2147483647;
			files = (
				69BCE0BD213CBE05001DD8A5 /* TheTipCalcTests.swift in Sources */,
			);
			runOnlyForDeploymentPostprocessing = 0;
		};
		69BCE0BF213CBE05001DD8A5 /* Sources */ = {
			isa = PBXSourcesBuildPhase;
			buildActionMask = 2147483647;
			files = (
				69BCE0C8213CBE05001DD8A5 /* TheTipCalcUITests.swift in Sources */,
			);
			runOnlyForDeploymentPostprocessing = 0;
		};
/* End PBXSourcesBuildPhase section */

/* Begin PBXTargetDependency section */
		69BCE0BA213CBE05001DD8A5 /* PBXTargetDependency */ = {
			isa = PBXTargetDependency;
			target = 69BCE0A3213CBDFE001DD8A5 /* TheTipCalc */;
			targetProxy = 69BCE0B9213CBE05001DD8A5 /* PBXContainerItemProxy */;
		};
		69BCE0C5213CBE05001DD8A5 /* PBXTargetDependency */ = {
			isa = PBXTargetDependency;
			target = 69BCE0A3213CBDFE001DD8A5 /* TheTipCalc */;
			targetProxy = 69BCE0C4213CBE05001DD8A5 /* PBXContainerItemProxy */;
		};
/* End PBXTargetDependency section */

/* Begin PBXVariantGroup section */
		69BCE0AB213CBDFF001DD8A5 /* Main.storyboard */ = {
			isa = PBXVariantGroup;
			children = (
				69BCE0AC213CBDFF001DD8A5 /* Base */,
			);
			name = Main.storyboard;
			sourceTree = "<group>";
		};
		69BCE0B0213CBE05001DD8A5 /* LaunchScreen.storyboard */ = {
			isa = PBXVariantGroup;
			children = (
				69BCE0B1213CBE05001DD8A5 /* Base */,
			);
			name = LaunchScreen.storyboard;
			sourceTree = "<group>";
		};
/* End PBXVariantGroup section */

/* Begin XCBuildConfiguration section */
		69BCE0CA213CBE05001DD8A5 /* Debug */ = {
			isa = XCBuildConfiguration;
			buildSettings = {
				ALWAYS_SEARCH_USER_PATHS = NO;
				CLANG_ANALYZER_NONNULL = YES;
				CLANG_ANALYZER_NUMBER_OBJECT_CONVERSION = YES_AGGRESSIVE;
				CLANG_CXX_LANGUAGE_STANDARD = "gnu++14";
				CLANG_CXX_LIBRARY = "libc++";
				CLANG_ENABLE_MODULES = YES;
				CLANG_ENABLE_OBJC_ARC = YES;
				CLANG_ENABLE_OBJC_WEAK = YES;
				CLANG_WARN_BLOCK_CAPTURE_AUTORELEASING = YES;
				CLANG_WARN_BOOL_CONVERSION = YES;
				CLANG_WARN_COMMA = YES;
				CLANG_WARN_CONSTANT_CONVERSION = YES;
				CLANG_WARN_DEPRECATED_OBJC_IMPLEMENTATIONS = YES;
				CLANG_WARN_DIRECT_OBJC_ISA_USAGE = YES_ERROR;
				CLANG_WARN_DOCUMENTATION_COMMENTS = YES;
				CLANG_WARN_EMPTY_BODY = YES;
				CLANG_WARN_ENUM_CONVERSION = YES;
				CLANG_WARN_INFINITE_RECURSION = YES;
				CLANG_WARN_INT_CONVERSION = YES;
				CLANG_WARN_NON_LITERAL_NULL_CONVERSION = YES;
				CLANG_WARN_OBJC_IMPLICIT_RETAIN_SELF = YES;
				CLANG_WARN_OBJC_LITERAL_CONVERSION = YES;
				CLANG_WARN_OBJC_ROOT_CLASS = YES_ERROR;
				CLANG_WARN_RANGE_LOOP_ANALYSIS = YES;
				CLANG_WARN_STRICT_PROTOTYPES = YES;
				CLANG_WARN_SUSPICIOUS_MOVE = YES;
				CLANG_WARN_UNGUARDED_AVAILABILITY = YES_AGGRESSIVE;
				CLANG_WARN_UNREACHABLE_CODE = YES;
				CLANG_WARN__DUPLICATE_METHOD_MATCH = YES;
				CODE_SIGN_IDENTITY = "iPhone Developer";
				COPY_PHASE_STRIP = NO;
				DEBUG_INFORMATION_FORMAT = dwarf;
				ENABLE_STRICT_OBJC_MSGSEND = YES;
				ENABLE_TESTABILITY = YES;
				GCC_C_LANGUAGE_STANDARD = gnu11;
				GCC_DYNAMIC_NO_PIC = NO;
				GCC_NO_COMMON_BLOCKS = YES;
				GCC_OPTIMIZATION_LEVEL = 0;
				GCC_PREPROCESSOR_DEFINITIONS = (
					"DEBUG=1",
					"$(inherited)",
				);
				GCC_WARN_64_TO_32_BIT_CONVERSION = YES;
				GCC_WARN_ABOUT_RETURN_TYPE = YES_ERROR;
				GCC_WARN_UNDECLARED_SELECTOR = YES;
				GCC_WARN_UNINITIALIZED_AUTOS = YES_AGGRESSIVE;
				GCC_WARN_UNUSED_FUNCTION = YES;
				GCC_WARN_UNUSED_VARIABLE = YES;
				IPHONEOS_DEPLOYMENT_TARGET = 11.4;
				MTL_ENABLE_DEBUG_INFO = YES;
				ONLY_ACTIVE_ARCH = YES;
				SDKROOT = iphoneos;
				SWIFT_ACTIVE_COMPILATION_CONDITIONS = DEBUG;
				SWIFT_OPTIMIZATION_LEVEL = "-Onone";
			};
			name = Debug;
		};
		69BCE0CB213CBE05001DD8A5 /* Release */ = {
			isa = XCBuildConfiguration;
			buildSettings = {
				ALWAYS_SEARCH_USER_PATHS = NO;
				CLANG_ANALYZER_NONNULL = YES;
				CLANG_ANALYZER_NUMBER_OBJECT_CONVERSION = YES_AGGRESSIVE;
				CLANG_CXX_LANGUAGE_STANDARD = "gnu++14";
				CLANG_CXX_LIBRARY = "libc++";
				CLANG_ENABLE_MODULES = YES;
				CLANG_ENABLE_OBJC_ARC = YES;
				CLANG_ENABLE_OBJC_WEAK = YES;
				CLANG_WARN_BLOCK_CAPTURE_AUTORELEASING = YES;
				CLANG_WARN_BOOL_CONVERSION = YES;
				CLANG_WARN_COMMA = YES;
				CLANG_WARN_CONSTANT_CONVERSION = YES;
				CLANG_WARN_DEPRECATED_OBJC_IMPLEMENTATIONS = YES;
				CLANG_WARN_DIRECT_OBJC_ISA_USAGE = YES_ERROR;
				CLANG_WARN_DOCUMENTATION_COMMENTS = YES;
				CLANG_WARN_EMPTY_BODY = YES;
				CLANG_WARN_ENUM_CONVERSION = YES;
				CLANG_WARN_INFINITE_RECURSION = YES;
				CLANG_WARN_INT_CONVERSION = YES;
				CLANG_WARN_NON_LITERAL_NULL_CONVERSION = YES;
				CLANG_WARN_OBJC_IMPLICIT_RETAIN_SELF = YES;
				CLANG_WARN_OBJC_LITERAL_CONVERSION = YES;
				CLANG_WARN_OBJC_ROOT_CLASS = YES_ERROR;
				CLANG_WARN_RANGE_LOOP_ANALYSIS = YES;
				CLANG_WARN_STRICT_PROTOTYPES = YES;
				CLANG_WARN_SUSPICIOUS_MOVE = YES;
				CLANG_WARN_UNGUARDED_AVAILABILITY = YES_AGGRESSIVE;
				CLANG_WARN_UNREACHABLE_CODE = YES;
				CLANG_WARN__DUPLICATE_METHOD_MATCH = YES;
				CODE_SIGN_IDENTITY = "iPhone Developer";
				COPY_PHASE_STRIP = NO;
				DEBUG_INFORMATION_FORMAT = "dwarf-with-dsym";
				ENABLE_NS_ASSERTIONS = NO;
				ENABLE_STRICT_OBJC_MSGSEND = YES;
				GCC_C_LANGUAGE_STANDARD = gnu11;
				GCC_NO_COMMON_BLOCKS = YES;
				GCC_WARN_64_TO_32_BIT_CONVERSION = YES;
				GCC_WARN_ABOUT_RETURN_TYPE = YES_ERROR;
				GCC_WARN_UNDECLARED_SELECTOR = YES;
				GCC_WARN_UNINITIALIZED_AUTOS = YES_AGGRESSIVE;
				GCC_WARN_UNUSED_FUNCTION = YES;
				GCC_WARN_UNUSED_VARIABLE = YES;
				IPHONEOS_DEPLOYMENT_TARGET = 11.4;
				MTL_ENABLE_DEBUG_INFO = NO;
				SDKROOT = iphoneos;
				SWIFT_COMPILATION_MODE = wholemodule;
				SWIFT_OPTIMIZATION_LEVEL = "-O";
				VALIDATE_PRODUCT = YES;
			};
			name = Release;
		};
		69BCE0CD213CBE05001DD8A5 /* Debug */ = {
			isa = XCBuildConfiguration;
			buildSettings = {
				ASSETCATALOG_COMPILER_APPICON_NAME = AppIcon;
				CODE_SIGN_STYLE = Automatic;
				DEVELOPMENT_TEAM = VFF6KXKL37;
				INFOPLIST_FILE = TheTipCalc/Info.plist;
				LD_RUNPATH_SEARCH_PATHS = (
					"$(inherited)",
					"@executable_path/Frameworks",
				);
				PRODUCT_BUNDLE_IDENTIFIER = com.dietricefortune.TheTipCalc;
				PRODUCT_NAME = "$(TARGET_NAME)";
				SWIFT_VERSION = 4.0;
				TARGETED_DEVICE_FAMILY = "1,2";
			};
			name = Debug;
		};
		69BCE0CE213CBE05001DD8A5 /* Release */ = {
			isa = XCBuildConfiguration;
			buildSettings = {
				ASSETCATALOG_COMPILER_APPICON_NAME = AppIcon;
				CODE_SIGN_STYLE = Automatic;
				DEVELOPMENT_TEAM = VFF6KXKL37;
				INFOPLIST_FILE = TheTipCalc/Info.plist;
				LD_RUNPATH_SEARCH_PATHS = (
					"$(inherited)",
					"@executable_path/Frameworks",
				);
				PRODUCT_BUNDLE_IDENTIFIER = com.dietricefortune.TheTipCalc;
				PRODUCT_NAME = "$(TARGET_NAME)";
				SWIFT_VERSION = 4.0;
				TARGETED_DEVICE_FAMILY = "1,2";
			};
			name = Release;
		};
		69BCE0D0213CBE05001DD8A5 /* Debug */ = {
			isa = XCBuildConfiguration;
			buildSettings = {
				ALWAYS_EMBED_SWIFT_STANDARD_LIBRARIES = YES;
				BUNDLE_LOADER = "$(TEST_HOST)";
				CODE_SIGN_STYLE = Automatic;
				DEVELOPMENT_TEAM = VFF6KXKL37;
				INFOPLIST_FILE = TheTipCalcTests/Info.plist;
				LD_RUNPATH_SEARCH_PATHS = (
					"$(inherited)",
					"@executable_path/Frameworks",
					"@loader_path/Frameworks",
				);
				PRODUCT_BUNDLE_IDENTIFIER = com.dietricefortune.TheTipCalcTests;
				PRODUCT_NAME = "$(TARGET_NAME)";
				SWIFT_VERSION = 4.0;
				TARGETED_DEVICE_FAMILY = "1,2";
				TEST_HOST = "$(BUILT_PRODUCTS_DIR)/TheTipCalc.app/TheTipCalc";
			};
			name = Debug;
		};
		69BCE0D1213CBE05001DD8A5 /* Release */ = {
			isa = XCBuildConfiguration;
			buildSettings = {
				ALWAYS_EMBED_SWIFT_STANDARD_LIBRARIES = YES;
				BUNDLE_LOADER = "$(TEST_HOST)";
				CODE_SIGN_STYLE = Automatic;
				DEVELOPMENT_TEAM = VFF6KXKL37;
				INFOPLIST_FILE = TheTipCalcTests/Info.plist;
				LD_RUNPATH_SEARCH_PATHS = (
					"$(inherited)",
					"@executable_path/Frameworks",
					"@loader_path/Frameworks",
				);
				PRODUCT_BUNDLE_IDENTIFIER = com.dietricefortune.TheTipCalcTests;
				PRODUCT_NAME = "$(TARGET_NAME)";
				SWIFT_VERSION = 4.0;
				TARGETED_DEVICE_FAMILY = "1,2";
				TEST_HOST = "$(BUILT_PRODUCTS_DIR)/TheTipCalc.app/TheTipCalc";
			};
			name = Release;
		};
		69BCE0D3213CBE05001DD8A5 /* Debug */ = {
			isa = XCBuildConfiguration;
			buildSettings = {
				ALWAYS_EMBED_SWIFT_STANDARD_LIBRARIES = YES;
				CODE_SIGN_STYLE = Automatic;
				DEVELOPMENT_TEAM = VFF6KXKL37;
				INFOPLIST_FILE = TheTipCalcUITests/Info.plist;
				LD_RUNPATH_SEARCH_PATHS = (
					"$(inherited)",
					"@executable_path/Frameworks",
					"@loader_path/Frameworks",
				);
				PRODUCT_BUNDLE_IDENTIFIER = com.dietricefortune.TheTipCalcUITests;
				PRODUCT_NAME = "$(TARGET_NAME)";
				SWIFT_VERSION = 4.0;
				TARGETED_DEVICE_FAMILY = "1,2";
				TEST_TARGET_NAME = TheTipCalc;
			};
			name = Debug;
		};
		69BCE0D4213CBE05001DD8A5 /* Release */ = {
			isa = XCBuildConfiguration;
			buildSettings = {
				ALWAYS_EMBED_SWIFT_STANDARD_LIBRARIES = YES;
				CODE_SIGN_STYLE = Automatic;
				DEVELOPMENT_TEAM = VFF6KXKL37;
				INFOPLIST_FILE = TheTipCalcUITests/Info.plist;
				LD_RUNPATH_SEARCH_PATHS = (
					"$(inherited)",
					"@executable_path/Frameworks",
					"@loader_path/Frameworks",
				);
				PRODUCT_BUNDLE_IDENTIFIER = com.dietricefortune.TheTipCalcUITests;
				PRODUCT_NAME = "$(TARGET_NAME)";
				SWIFT_VERSION = 4.0;
				TARGETED_DEVICE_FAMILY = "1,2";
				TEST_TARGET_NAME = TheTipCalc;
			};
			name = Release;
		};
/* End XCBuildConfiguration section */

/* Begin XCConfigurationList section */
		69BCE09F213CBDFE001DD8A5 /* Build configuration list for PBXProject "TheTipCalc" */ = {
			isa = XCConfigurationList;
			buildConfigurations = (
				69BCE0CA213CBE05001DD8A5 /* Debug */,
				69BCE0CB213CBE05001DD8A5 /* Release */,
			);
			defaultConfigurationIsVisible = 0;
			defaultConfigurationName = Release;
		};
		69BCE0CC213CBE05001DD8A5 /* Build configuration list for PBXNativeTarget "TheTipCalc" */ = {
			isa = XCConfigurationList;
			buildConfigurations = (
				69BCE0CD213CBE05001DD8A5 /* Debug */,
				69BCE0CE213CBE05001DD8A5 /* Release */,
			);
			defaultConfigurationIsVisible = 0;
			defaultConfigurationName = Release;
		};
		69BCE0CF213CBE05001DD8A5 /* Build configuration list for PBXNativeTarget "TheTipCalcTests" */ = {
			isa = XCConfigurationList;
			buildConfigurations = (
				69BCE0D0213CBE05001DD8A5 /* Debug */,
				69BCE0D1213CBE05001DD8A5 /* Release */,
			);
			defaultConfigurationIsVisible = 0;
			defaultConfigurationName = Release;
		};
		69BCE0D2213CBE05001DD8A5 /* Build configuration list for PBXNativeTarget "TheTipCalcUITests" */ = {
			isa = XCConfigurationList;
			buildConfigurations = (
				69BCE0D3213CBE05001DD8A5 /* Debug */,
				69BCE0D4213CBE05001DD8A5 /* Release */,
			);
			defaultConfigurationIsVisible = 0;
			defaultConfigurationName = Release;
		};
/* End XCConfigurationList section */
	};
	rootObject = 69BCE09C213CBDFE001DD8A5 /* Project object */;
}
